
Microsoft Visual Studio Solution File, Format Version 12.00
# Visual Studio Version 17
VisualStudioVersion = 17.10.35027.167
MinimumVisualStudioVersion = 10.0.40219.1
Project("{FAE04EC0-301F-11D3-BF4B-00C04F79EFBC}") = "LeaveManagement", "LeaveManagement.csproj", "{67341805-6A1A-43B5-936D-4E2D4729FAED}"
EndProject
Global
	GlobalSection(SolutionConfigurationPlatforms) = preSolution
		Debug|Any CPU = Debug|Any CPU
		Release|Any CPU = Release|Any CPU
	EndGlobalSection
	GlobalSection(ProjectConfigurationPlatforms) = postSolution
		{67341805-6A1A-43B5-936D-4E2D4729FAED}.Debug|Any CPU.ActiveCfg = Debug|Any CPU
		{67341805-6A1A-43B5-936D-4E2D4729FAED}.Debug|Any CPU.Build.0 = Debug|Any CPU
		{67341805-6A1A-43B5-936D-4E2D4729FAED}.Release|Any CPU.ActiveCfg = Release|Any CPU
		{67341805-6A1A-43B5-936D-4E2D4729FAED}.Release|Any CPU.Build.0 = Release|Any CPU
	EndGlobalSection
	GlobalSection(SolutionProperties) = preSolution
		HideSolutionNode = FALSE
	EndGlobalSection
	GlobalSection(ExtensibilityGlobals) = postSolution
		SolutionGuid = {C8D9C633-F137-4E4A-84E6-8451BCA4EE97}
	EndGlobalSection
EndGlobal
